
Microsoft Visual Studio Solution File, Format Version 12.00
# Visual Studio Version 17
VisualStudioVersion = 17.2.32616.157
MinimumVisualStudioVersion = 10.0.40219.1
Project("{9A19103F-16F7-4668-BE54-9A1E7A4F7556}") = "DataAccess", "DataAccess\DataAccess.csproj", "{A0008CA2-3015-46C4-99C5-3C9B65D6E13D}"
EndProject
Project("{9A19103F-16F7-4668-BE54-9A1E7A4F7556}") = "Business", "Business\Business.csproj", "{7B0317BC-D88B-45E1-84E8-FCAB92A8A72B}"
EndProject
Project("{9A19103F-16F7-4668-BE54-9A1E7A4F7556}") = "Entities", "Entities\Entities.csproj", "{03CE8886-8318-4FD7-97FF-BD667820FF22}"
EndProject
Project("{9A19103F-16F7-4668-BE54-9A1E7A4F7556}") = "ConsoleUI", "ConsoleUI\ConsoleUI.csproj", "{56A0520A-1135-49F9-83FF-AD145E941132}"
EndProject
Project("{9A19103F-16F7-4668-BE54-9A1E7A4F7556}") = "Core", "Core\Core.csproj", "{08363099-B880-4F2A-BE99-277A6F7C6D53}"
EndProject
Project("{FAE04EC0-301F-11D3-BF4B-00C04F79EFBC}") = "WebAPI", "WebAPI\WebAPI.csproj", "{50134841-4B07-4F39-8C8C-A501C6EC3931}"
EndProject
Global
	GlobalSection(SolutionConfigurationPlatforms) = preSolution
		Debug|Any CPU = Debug|Any CPU
		Release|Any CPU = Release|Any CPU
	EndGlobalSection
	GlobalSection(ProjectConfigurationPlatforms) = postSolution
		{A0008CA2-3015-46C4-99C5-3C9B65D6E13D}.Debug|Any CPU.ActiveCfg = Debug|Any CPU
		{A0008CA2-3015-46C4-99C5-3C9B65D6E13D}.Debug|Any CPU.Build.0 = Debug|Any CPU
		{A0008CA2-3015-46C4-99C5-3C9B65D6E13D}.Release|Any CPU.ActiveCfg = Release|Any CPU
		{A0008CA2-3015-46C4-99C5-3C9B65D6E13D}.Release|Any CPU.Build.0 = Release|Any CPU
		{7B0317BC-D88B-45E1-84E8-FCAB92A8A72B}.Debug|Any CPU.ActiveCfg = Debug|Any CPU
		{7B0317BC-D88B-45E1-84E8-FCAB92A8A72B}.Debug|Any CPU.Build.0 = Debug|Any CPU
		{7B0317BC-D88B-45E1-84E8-FCAB92A8A72B}.Release|Any CPU.ActiveCfg = Release|Any CPU
		{7B0317BC-D88B-45E1-84E8-FCAB92A8A72B}.Release|Any CPU.Build.0 = Release|Any CPU
		{03CE8886-8318-4FD7-97FF-BD667820FF22}.Debug|Any CPU.ActiveCfg = Debug|Any CPU
		{03CE8886-8318-4FD7-97FF-BD667820FF22}.Debug|Any CPU.Build.0 = Debug|Any CPU
		{03CE8886-8318-4FD7-97FF-BD667820FF22}.Release|Any CPU.ActiveCfg = Release|Any CPU
		{03CE8886-8318-4FD7-97FF-BD667820FF22}.Release|Any CPU.Build.0 = Release|Any CPU
		{56A0520A-1135-49F9-83FF-AD145E941132}.Debug|Any CPU.ActiveCfg = Debug|Any CPU
		{56A0520A-1135-49F9-83FF-AD145E941132}.Debug|Any CPU.Build.0 = Debug|Any CPU
		{56A0520A-1135-49F9-83FF-AD145E941132}.Release|Any CPU.ActiveCfg = Release|Any CPU
		{56A0520A-1135-49F9-83FF-AD145E941132}.Release|Any CPU.Build.0 = Release|Any CPU
		{08363099-B880-4F2A-BE99-277A6F7C6D53}.Debug|Any CPU.ActiveCfg = Debug|Any CPU
		{08363099-B880-4F2A-BE99-277A6F7C6D53}.Debug|Any CPU.Build.0 = Debug|Any CPU
		{08363099-B880-4F2A-BE99-277A6F7C6D53}.Release|Any CPU.ActiveCfg = Release|Any CPU
		{08363099-B880-4F2A-BE99-277A6F7C6D53}.Release|Any CPU.Build.0 = Release|Any CPU
		{50134841-4B07-4F39-8C8C-A501C6EC3931}.Debug|Any CPU.ActiveCfg = Debug|Any CPU
		{50134841-4B07-4F39-8C8C-A501C6EC3931}.Debug|Any CPU.Build.0 = Debug|Any CPU
		{50134841-4B07-4F39-8C8C-A501C6EC3931}.Release|Any CPU.ActiveCfg = Release|Any CPU
		{50134841-4B07-4F39-8C8C-A501C6EC3931}.Release|Any CPU.Build.0 = Release|Any CPU
	EndGlobalSection
	GlobalSection(SolutionProperties) = preSolution
		HideSolutionNode = FALSE
	EndGlobalSection
	GlobalSection(ExtensibilityGlobals) = postSolution
		SolutionGuid = {EA1B6EAF-A33C-4A8B-B04B-1061D3C35117}
	EndGlobalSection
EndGlobal
